
Microsoft Visual Studio Solution File, Format Version 12.00
# Visual Studio Version 17
VisualStudioVersion = 17.14.37203.1
MinimumVisualStudioVersion = 10.0.40219.1
Project("{F184B08F-C81C-45F6-A57F-5ABD9991F28F}") = "CATIARenamingTool", "CATIARenamingTool.vbproj", "{89EA5CF0-29A2-45A6-AA45-C1986418AF0D}"
EndProject
Project("{F184B08F-C81C-45F6-A57F-5ABD9991F28F}") = "CATIAClassLibrary", "..\CATIAClassLibrary\CATIAClassLibrary.vbproj", "{76122FD1-AF7D-421D-83C6-33BC00D73B9B}"
EndProject
Global
	GlobalSection(SolutionConfigurationPlatforms) = preSolution
		Debug|Any CPU = Debug|Any CPU
		Release|Any CPU = Release|Any CPU
	EndGlobalSection
	GlobalSection(ProjectConfigurationPlatforms) = postSolution
		{89EA5CF0-29A2-45A6-AA45-C1986418AF0D}.Debug|Any CPU.ActiveCfg = Debug|Any CPU
		{89EA5CF0-29A2-45A6-AA45-C1986418AF0D}.Debug|Any CPU.Build.0 = Debug|Any CPU
		{89EA5CF0-29A2-45A6-AA45-C1986418AF0D}.Release|Any CPU.ActiveCfg = Release|Any CPU
		{89EA5CF0-29A2-45A6-AA45-C1986418AF0D}.Release|Any CPU.Build.0 = Release|Any CPU
		{76122FD1-AF7D-421D-83C6-33BC00D73B9B}.Debug|Any CPU.ActiveCfg = Debug|Any CPU
		{76122FD1-AF7D-421D-83C6-33BC00D73B9B}.Debug|Any CPU.Build.0 = Debug|Any CPU
		{76122FD1-AF7D-421D-83C6-33BC00D73B9B}.Release|Any CPU.ActiveCfg = Release|Any CPU
		{76122FD1-AF7D-421D-83C6-33BC00D73B9B}.Release|Any CPU.Build.0 = Release|Any CPU
	EndGlobalSection
	GlobalSection(SolutionProperties) = preSolution
		HideSolutionNode = FALSE
	EndGlobalSection
	GlobalSection(ExtensibilityGlobals) = postSolution
		SolutionGuid = {2EE9910A-99B7-4853-9178-6ACE843D98B3}
	EndGlobalSection
EndGlobal
